
Microsoft Visual Studio Solution File, Format Version 12.00
# Visual Studio 2012
Project("{FAE04EC0-301F-11D3-BF4B-00C04F79EFBC}") = "TicTacToeLogic", "TicTacToeLogic\TicTacToeLogic.csproj", "{8A5A9000-B262-43D4-8985-00855C8FBEEC}"
EndProject
Project("{FAE04EC0-301F-11D3-BF4B-00C04F79EFBC}") = "Test", "Test\Test.csproj", "{5C38CEAC-BC7E-4812-924E-658B701BE8CE}"
EndProject
Global
	GlobalSection(SolutionConfigurationPlatforms) = preSolution
		Debug|Any CPU = Debug|Any CPU
		Release|Any CPU = Release|Any CPU
	EndGlobalSection
	GlobalSection(ProjectConfigurationPlatforms) = postSolution
		{8A5A9000-B262-43D4-8985-00855C8FBEEC}.Debug|Any CPU.ActiveCfg = Debug|Any CPU
		{8A5A9000-B262-43D4-8985-00855C8FBEEC}.Debug|Any CPU.Build.0 = Debug|Any CPU
		{8A5A9000-B262-43D4-8985-00855C8FBEEC}.Release|Any CPU.ActiveCfg = Release|Any CPU
		{8A5A9000-B262-43D4-8985-00855C8FBEEC}.Release|Any CPU.Build.0 = Release|Any CPU
		{5C38CEAC-BC7E-4812-924E-658B701BE8CE}.Debug|Any CPU.ActiveCfg = Debug|Any CPU
		{5C38CEAC-BC7E-4812-924E-658B701BE8CE}.Debug|Any CPU.Build.0 = Debug|Any CPU
		{5C38CEAC-BC7E-4812-924E-658B701BE8CE}.Release|Any CPU.ActiveCfg = Release|Any CPU
		{5C38CEAC-BC7E-4812-924E-658B701BE8CE}.Release|Any CPU.Build.0 = Release|Any CPU
	EndGlobalSection
	GlobalSection(SolutionProperties) = preSolution
		HideSolutionNode = FALSE
	EndGlobalSection
EndGlobal
